
Microsoft Visual Studio Solution File, Format Version 12.00
# Visual Studio Version 17
VisualStudioVersion = 17.9.34607.119
MinimumVisualStudioVersion = 10.0.40219.1
Project("{888888A0-9F3D-457C-B088-3A5042F75D52}") = "fishing", "fishing\fishing.pyproj", "{28AC8BD2-B9E1-4A75-8B09-DBC4E8D9037B}"
EndProject
Global
	GlobalSection(SolutionConfigurationPlatforms) = preSolution
		Debug|Any CPU = Debug|Any CPU
		Release|Any CPU = Release|Any CPU
	EndGlobalSection
	GlobalSection(ProjectConfigurationPlatforms) = postSolution
		{28AC8BD2-B9E1-4A75-8B09-DBC4E8D9037B}.Debug|Any CPU.ActiveCfg = Debug|Any CPU
		{28AC8BD2-B9E1-4A75-8B09-DBC4E8D9037B}.Release|Any CPU.ActiveCfg = Release|Any CPU
	EndGlobalSection
	GlobalSection(SolutionProperties) = preSolution
		HideSolutionNode = FALSE
	EndGlobalSection
	GlobalSection(ExtensibilityGlobals) = postSolution
		SolutionGuid = {6C356938-EF93-46E6-BD8D-E848CA05CF84}
	EndGlobalSection
EndGlobal
